// !$*UTF8*$!
{
	archiveVersion = 1;
	classes = {
	};
	objectVersion = 56;
	objects = {

/* Begin PBXBuildFile section */
		3F8124B22B673FB200BFDF55 /* OpenGL.framework in Frameworks */ = {isa = PBXBuildFile; fileRef = 3FAC129A2B5F573800626565 /* OpenGL.framework */; };
		3F8124B32B673FBC00BFDF55 /* GLUT.framework in Frameworks */ = {isa = PBXBuildFile; fileRef = 3FAC129C2B5F574100626565 /* GLUT.framework */; };
		3F8124BA2B6883B500BFDF55 /* gl2_callbacks.cpp in Sources */ = {isa = PBXBuildFile; fileRef = 3F8124B82B6883B500BFDF55 /* gl2_callbacks.cpp */; };
		3F8124BC2B68945100BFDF55 /* gl2_callbacks2.cpp in Sources */ = {isa = PBXBuildFile; fileRef = 3F8124BB2B68945100BFDF55 /* gl2_callbacks2.cpp */; };
		3F8124BE2B68984E00BFDF55 /* gl2_callbacks3.cpp in Sources */ = {isa = PBXBuildFile; fileRef = 3F8124BD2B68984E00BFDF55 /* gl2_callbacks3.cpp */; };
		3F8124C02B68B16700BFDF55 /* gl2_vertices.cpp in Sources */ = {isa = PBXBuildFile; fileRef = 3F8124BF2B68B16700BFDF55 /* gl2_vertices.cpp */; };
		3F8124C32B68B93A00BFDF55 /* lib in Frameworks */ = {isa = PBXBuildFile; fileRef = 3F8124B42B673FF300BFDF55 /* lib */; };
		3F8124C52B68BE7200BFDF55 /* gl2_displaylist.cpp in Sources */ = {isa = PBXBuildFile; fileRef = 3F8124C42B68BE7200BFDF55 /* gl2_displaylist.cpp */; };
		3F8124C72B68C44400BFDF55 /* gl2_pj_modeling.cpp in Sources */ = {isa = PBXBuildFile; fileRef = 3F8124C62B68C44400BFDF55 /* gl2_pj_modeling.cpp */; };
		3FAC12932B5F571B00626565 /* gl_initialize.cpp in Sources */ = {isa = PBXBuildFile; fileRef = 3FAC12922B5F571B00626565 /* gl_initialize.cpp */; };
		3FAC12A42B5F5F5100626565 /* gl1_polygon.cpp in Sources */ = {isa = PBXBuildFile; fileRef = 3FAC12A22B5F5F5100626565 /* gl1_polygon.cpp */; };
/* End PBXBuildFile section */

/* Begin PBXCopyFilesBuildPhase section */
		3FAC128D2B5F571B00626565 /* CopyFiles */ = {
			isa = PBXCopyFilesBuildPhase;
			buildActionMask = 2147483647;
			dstPath = /usr/share/man/man1/;
			dstSubfolderSpec = 0;
			files = (
			);
			runOnlyForDeploymentPostprocessing = 1;
		};
/* End PBXCopyFilesBuildPhase section */

/* Begin PBXFileReference section */
		3F8124B42B673FF300BFDF55 /* lib */ = {isa = PBXFileReference; lastKnownFileType = folder; name = lib; path = ../../../../../../opt/homebrew/Cellar/freeglut/3.4.0/lib; sourceTree = "<group>"; };
		3F8124B82B6883B500BFDF55 /* gl2_callbacks.cpp */ = {isa = PBXFileReference; lastKnownFileType = sourcecode.cpp.cpp; path = gl2_callbacks.cpp; sourceTree = "<group>"; };
		3F8124BB2B68945100BFDF55 /* gl2_callbacks2.cpp */ = {isa = PBXFileReference; lastKnownFileType = sourcecode.cpp.cpp; path = gl2_callbacks2.cpp; sourceTree = "<group>"; };
		3F8124BD2B68984E00BFDF55 /* gl2_callbacks3.cpp */ = {isa = PBXFileReference; lastKnownFileType = sourcecode.cpp.cpp; path = gl2_callbacks3.cpp; sourceTree = "<group>"; };
		3F8124BF2B68B16700BFDF55 /* gl2_vertices.cpp */ = {isa = PBXFileReference; lastKnownFileType = sourcecode.cpp.cpp; path = gl2_vertices.cpp; sourceTree = "<group>"; };
		3F8124C12B68B87700BFDF55 /* lib */ = {isa = PBXFileReference; lastKnownFileType = folder; name = lib; path = ../../../../../../opt/homebrew/Cellar/glfw/3.3.9/lib; sourceTree = "<group>"; };
		3F8124C42B68BE7200BFDF55 /* gl2_displaylist.cpp */ = {isa = PBXFileReference; lastKnownFileType = sourcecode.cpp.cpp; path = gl2_displaylist.cpp; sourceTree = "<group>"; };
		3F8124C62B68C44400BFDF55 /* gl2_pj_modeling.cpp */ = {isa = PBXFileReference; lastKnownFileType = sourcecode.cpp.cpp; path = gl2_pj_modeling.cpp; sourceTree = "<group>"; };
		3FAC128F2B5F571B00626565 /* MyFirstApp */ = {isa = PBXFileReference; explicitFileType = "compiled.mach-o.executable"; includeInIndex = 0; path = MyFirstApp; sourceTree = BUILT_PRODUCTS_DIR; };
		3FAC12922B5F571B00626565 /* gl_initialize.cpp */ = {isa = PBXFileReference; lastKnownFileType = sourcecode.cpp.cpp; path = gl_initialize.cpp; sourceTree = "<group>"; };
		3FAC129A2B5F573800626565 /* OpenGL.framework */ = {isa = PBXFileReference; lastKnownFileType = wrapper.framework; name = OpenGL.framework; path = System/Library/Frameworks/OpenGL.framework; sourceTree = SDKROOT; };
		3FAC129C2B5F574100626565 /* GLUT.framework */ = {isa = PBXFileReference; lastKnownFileType = wrapper.framework; name = GLUT.framework; path = System/Library/Frameworks/GLUT.framework; sourceTree = SDKROOT; };
		3FAC129E2B5F5D1200626565 /* libglfw.3.3.dylib */ = {isa = PBXFileReference; lastKnownFileType = "compiled.mach-o.dylib"; name = libglfw.3.3.dylib; path = ../../../../../../opt/homebrew/Cellar/glfw/3.3.9/lib/libglfw.3.3.dylib; sourceTree = "<group>"; };
		3FAC12A22B5F5F5100626565 /* gl1_polygon.cpp */ = {isa = PBXFileReference; lastKnownFileType = sourcecode.cpp.cpp; path = gl1_polygon.cpp; sourceTree = "<group>"; };
/* End PBXFileReference section */

/* Begin PBXFrameworksBuildPhase section */
		3FAC128C2B5F571B00626565 /* Frameworks */ = {
			isa = PBXFrameworksBuildPhase;
			buildActionMask = 2147483647;
			files = (
				3F8124C32B68B93A00BFDF55 /* lib in Frameworks */,
				3F8124B32B673FBC00BFDF55 /* GLUT.framework in Frameworks */,
				3F8124B22B673FB200BFDF55 /* OpenGL.framework in Frameworks */,
			);
			runOnlyForDeploymentPostprocessing = 0;
		};
/* End PBXFrameworksBuildPhase section */

/* Begin PBXGroup section */
		3FAC12862B5F571B00626565 = {
			isa = PBXGroup;
			children = (
				3FAC12912B5F571B00626565 /* MyFirstApp */,
				3FAC12902B5F571B00626565 /* Products */,
				3FAC12992B5F573700626565 /* Frameworks */,
			);
			sourceTree = "<group>";
		};
		3FAC12902B5F571B00626565 /* Products */ = {
			isa = PBXGroup;
			children = (
				3FAC128F2B5F571B00626565 /* MyFirstApp */,
			);
			name = Products;
			sourceTree = "<group>";
		};
		3FAC12912B5F571B00626565 /* MyFirstApp */ = {
			isa = PBXGroup;
			children = (
				3FAC12922B5F571B00626565 /* gl_initialize.cpp */,
				3FAC12A22B5F5F5100626565 /* gl1_polygon.cpp */,
				3F8124B82B6883B500BFDF55 /* gl2_callbacks.cpp */,
				3F8124BB2B68945100BFDF55 /* gl2_callbacks2.cpp */,
				3F8124BD2B68984E00BFDF55 /* gl2_callbacks3.cpp */,
				3F8124BF2B68B16700BFDF55 /* gl2_vertices.cpp */,
				3F8124C42B68BE7200BFDF55 /* gl2_displaylist.cpp */,
				3F8124C62B68C44400BFDF55 /* gl2_pj_modeling.cpp */,
			);
			path = MyFirstApp;
			sourceTree = "<group>";
		};
		3FAC12992B5F573700626565 /* Frameworks */ = {
			isa = PBXGroup;
			children = (
				3F8124B42B673FF300BFDF55 /* lib */,
				3F8124C12B68B87700BFDF55 /* lib */,
				3FAC129E2B5F5D1200626565 /* libglfw.3.3.dylib */,
				3FAC129C2B5F574100626565 /* GLUT.framework */,
				3FAC129A2B5F573800626565 /* OpenGL.framework */,
			);
			name = Frameworks;
			sourceTree = "<group>";
		};
/* End PBXGroup section */

/* Begin PBXNativeTarget section */
		3FAC128E2B5F571B00626565 /* MyFirstApp */ = {
			isa = PBXNativeTarget;
			buildConfigurationList = 3FAC12962B5F571B00626565 /* Build configuration list for PBXNativeTarget "MyFirstApp" */;
			buildPhases = (
				3FAC128B2B5F571B00626565 /* Sources */,
				3FAC128C2B5F571B00626565 /* Frameworks */,
				3FAC128D2B5F571B00626565 /* CopyFiles */,
			);
			buildRules = (
			);
			dependencies = (
			);
			name = MyFirstApp;
			productName = MyFirstApp;
			productReference = 3FAC128F2B5F571B00626565 /* MyFirstApp */;
			productType = "com.apple.product-type.tool";
		};
/* End PBXNativeTarget section */

/* Begin PBXProject section */
		3FAC12872B5F571B00626565 /* Project object */ = {
			isa = PBXProject;
			attributes = {
				BuildIndependentTargetsInParallel = 1;
				LastUpgradeCheck = 1520;
				TargetAttributes = {
					3FAC128E2B5F571B00626565 = {
						CreatedOnToolsVersion = 15.2;
					};
				};
			};
			buildConfigurationList = 3FAC128A2B5F571B00626565 /* Build configuration list for PBXProject "MyFirstApp" */;
			compatibilityVersion = "Xcode 14.0";
			developmentRegion = en;
			hasScannedForEncodings = 0;
			knownRegions = (
				en,
				Base,
			);
			mainGroup = 3FAC12862B5F571B00626565;
			productRefGroup = 3FAC12902B5F571B00626565 /* Products */;
			projectDirPath = "";
			projectRoot = "";
			targets = (
				3FAC128E2B5F571B00626565 /* MyFirstApp */,
			);
		};
/* End PBXProject section */

/* Begin PBXSourcesBuildPhase section */
		3FAC128B2B5F571B00626565 /* Sources */ = {
			isa = PBXSourcesBuildPhase;
			buildActionMask = 2147483647;
			files = (
				3F8124C72B68C44400BFDF55 /* gl2_pj_modeling.cpp in Sources */,
				3F8124C02B68B16700BFDF55 /* gl2_vertices.cpp in Sources */,
				3F8124C52B68BE7200BFDF55 /* gl2_displaylist.cpp in Sources */,
				3F8124BC2B68945100BFDF55 /* gl2_callbacks2.cpp in Sources */,
				3F8124BA2B6883B500BFDF55 /* gl2_callbacks.cpp in Sources */,
				3FAC12A42B5F5F5100626565 /* gl1_polygon.cpp in Sources */,
				3F8124BE2B68984E00BFDF55 /* gl2_callbacks3.cpp in Sources */,
				3FAC12932B5F571B00626565 /* gl_initialize.cpp in Sources */,
			);
			runOnlyForDeploymentPostprocessing = 0;
		};
/* End PBXSourcesBuildPhase section */

/* Begin XCBuildConfiguration section */
		3FAC12942B5F571B00626565 /* Debug */ = {
			isa = XCBuildConfiguration;
			buildSettings = {
				ALWAYS_SEARCH_USER_PATHS = NO;
				ASSETCATALOG_COMPILER_GENERATE_SWIFT_ASSET_SYMBOL_EXTENSIONS = YES;
				CLANG_ANALYZER_NONNULL = YES;
				CLANG_ANALYZER_NUMBER_OBJECT_CONVERSION = YES_AGGRESSIVE;
				CLANG_CXX_LANGUAGE_STANDARD = "gnu++20";
				CLANG_ENABLE_MODULES = YES;
				CLANG_ENABLE_OBJC_ARC = YES;
				CLANG_ENABLE_OBJC_WEAK = YES;
				CLANG_WARN_BLOCK_CAPTURE_AUTORELEASING = YES;
				CLANG_WARN_BOOL_CONVERSION = YES;
				CLANG_WARN_COMMA = YES;
				CLANG_WARN_CONSTANT_CONVERSION = YES;
				CLANG_WARN_DEPRECATED_OBJC_IMPLEMENTATIONS = YES;
				CLANG_WARN_DIRECT_OBJC_ISA_USAGE = YES_ERROR;
				CLANG_WARN_DOCUMENTATION_COMMENTS = YES;
				CLANG_WARN_EMPTY_BODY = YES;
				CLANG_WARN_ENUM_CONVERSION = YES;
				CLANG_WARN_INFINITE_RECURSION = YES;
				CLANG_WARN_INT_CONVERSION = YES;
				CLANG_WARN_NON_LITERAL_NULL_CONVERSION = YES;
				CLANG_WARN_OBJC_IMPLICIT_RETAIN_SELF = YES;
				CLANG_WARN_OBJC_LITERAL_CONVERSION = YES;
				CLANG_WARN_OBJC_ROOT_CLASS = YES_ERROR;
				CLANG_WARN_QUOTED_INCLUDE_IN_FRAMEWORK_HEADER = YES;
				CLANG_WARN_RANGE_LOOP_ANALYSIS = YES;
				CLANG_WARN_STRICT_PROTOTYPES = YES;
				CLANG_WARN_SUSPICIOUS_MOVE = YES;
				CLANG_WARN_UNGUARDED_AVAILABILITY = YES_AGGRESSIVE;
				CLANG_WARN_UNREACHABLE_CODE = YES;
				CLANG_WARN__DUPLICATE_METHOD_MATCH = YES;
				COPY_PHASE_STRIP = NO;
				DEBUG_INFORMATION_FORMAT = dwarf;
				ENABLE_STRICT_OBJC_MSGSEND = YES;
				ENABLE_TESTABILITY = YES;
				ENABLE_USER_SCRIPT_SANDBOXING = YES;
				GCC_C_LANGUAGE_STANDARD = gnu17;
				GCC_DYNAMIC_NO_PIC = NO;
				GCC_NO_COMMON_BLOCKS = YES;
				GCC_OPTIMIZATION_LEVEL = 0;
				GCC_PREPROCESSOR_DEFINITIONS = (
					"DEBUG=1",
					"$(inherited)",
				);
				GCC_WARN_64_TO_32_BIT_CONVERSION = YES;
				GCC_WARN_ABOUT_RETURN_TYPE = YES_ERROR;
				GCC_WARN_UNDECLARED_SELECTOR = YES;
				GCC_WARN_UNINITIALIZED_AUTOS = YES_AGGRESSIVE;
				GCC_WARN_UNUSED_FUNCTION = YES;
				GCC_WARN_UNUSED_VARIABLE = YES;
				LOCALIZATION_PREFERS_STRING_CATALOGS = YES;
				MACOSX_DEPLOYMENT_TARGET = 14.2;
				MTL_ENABLE_DEBUG_INFO = INCLUDE_SOURCE;
				MTL_FAST_MATH = YES;
				ONLY_ACTIVE_ARCH = YES;
				SDKROOT = macosx;
			};
			name = Debug;
		};
		3FAC12952B5F571B00626565 /* Release */ = {
			isa = XCBuildConfiguration;
			buildSettings = {
				ALWAYS_SEARCH_USER_PATHS = NO;
				ASSETCATALOG_COMPILER_GENERATE_SWIFT_ASSET_SYMBOL_EXTENSIONS = YES;
				CLANG_ANALYZER_NONNULL = YES;
				CLANG_ANALYZER_NUMBER_OBJECT_CONVERSION = YES_AGGRESSIVE;
				CLANG_CXX_LANGUAGE_STANDARD = "gnu++20";
				CLANG_ENABLE_MODULES = YES;
				CLANG_ENABLE_OBJC_ARC = YES;
				CLANG_ENABLE_OBJC_WEAK = YES;
				CLANG_WARN_BLOCK_CAPTURE_AUTORELEASING = YES;
				CLANG_WARN_BOOL_CONVERSION = YES;
				CLANG_WARN_COMMA = YES;
				CLANG_WARN_CONSTANT_CONVERSION = YES;
				CLANG_WARN_DEPRECATED_OBJC_IMPLEMENTATIONS = YES;
				CLANG_WARN_DIRECT_OBJC_ISA_USAGE = YES_ERROR;
				CLANG_WARN_DOCUMENTATION_COMMENTS = YES;
				CLANG_WARN_EMPTY_BODY = YES;
				CLANG_WARN_ENUM_CONVERSION = YES;
				CLANG_WARN_INFINITE_RECURSION = YES;
				CLANG_WARN_INT_CONVERSION = YES;
				CLANG_WARN_NON_LITERAL_NULL_CONVERSION = YES;
				CLANG_WARN_OBJC_IMPLICIT_RETAIN_SELF = YES;
				CLANG_WARN_OBJC_LITERAL_CONVERSION = YES;
				CLANG_WARN_OBJC_ROOT_CLASS = YES_ERROR;
				CLANG_WARN_QUOTED_INCLUDE_IN_FRAMEWORK_HEADER = YES;
				CLANG_WARN_RANGE_LOOP_ANALYSIS = YES;
				CLANG_WARN_STRICT_PROTOTYPES = YES;
				CLANG_WARN_SUSPICIOUS_MOVE = YES;
				CLANG_WARN_UNGUARDED_AVAILABILITY = YES_AGGRESSIVE;
				CLANG_WARN_UNREACHABLE_CODE = YES;
				CLANG_WARN__DUPLICATE_METHOD_MATCH = YES;
				COPY_PHASE_STRIP = NO;
				DEBUG_INFORMATION_FORMAT = "dwarf-with-dsym";
				ENABLE_NS_ASSERTIONS = NO;
				ENABLE_STRICT_OBJC_MSGSEND = YES;
				ENABLE_USER_SCRIPT_SANDBOXING = YES;
				GCC_C_LANGUAGE_STANDARD = gnu17;
				GCC_NO_COMMON_BLOCKS = YES;
				GCC_WARN_64_TO_32_BIT_CONVERSION = YES;
				GCC_WARN_ABOUT_RETURN_TYPE = YES_ERROR;
				GCC_WARN_UNDECLARED_SELECTOR = YES;
				GCC_WARN_UNINITIALIZED_AUTOS = YES_AGGRESSIVE;
				GCC_WARN_UNUSED_FUNCTION = YES;
				GCC_WARN_UNUSED_VARIABLE = YES;
				LOCALIZATION_PREFERS_STRING_CATALOGS = YES;
				MACOSX_DEPLOYMENT_TARGET = 14.2;
				MTL_ENABLE_DEBUG_INFO = NO;
				MTL_FAST_MATH = YES;
				SDKROOT = macosx;
			};
			name = Release;
		};
		3FAC12972B5F571B00626565 /* Debug */ = {
			isa = XCBuildConfiguration;
			buildSettings = {
				"CODE_SIGN_IDENTITY[sdk=macosx*]" = "-";
				CODE_SIGN_STYLE = Automatic;
				HEADER_SEARCH_PATHS = /opt/homebrew/Cellar/freeglut/3.4.0/include;
				LIBRARY_SEARCH_PATHS = (
					"$(inherited)",
					/opt/homebrew/Cellar/glfw/3.3.9/lib,
				);
				PRODUCT_NAME = "$(TARGET_NAME)";
			};
			name = Debug;
		};
		3FAC12982B5F571B00626565 /* Release */ = {
			isa = XCBuildConfiguration;
			buildSettings = {
				"CODE_SIGN_IDENTITY[sdk=macosx*]" = "-";
				CODE_SIGN_STYLE = Automatic;
				HEADER_SEARCH_PATHS = /opt/homebrew/Cellar/freeglut/3.4.0/include;
				LIBRARY_SEARCH_PATHS = (
					"$(inherited)",
					/opt/homebrew/Cellar/glfw/3.3.9/lib,
				);
				PRODUCT_NAME = "$(TARGET_NAME)";
			};
			name = Release;
		};
/* End XCBuildConfiguration section */

/* Begin XCConfigurationList section */
		3FAC128A2B5F571B00626565 /* Build configuration list for PBXProject "MyFirstApp" */ = {
			isa = XCConfigurationList;
			buildConfigurations = (
				3FAC12942B5F571B00626565 /* Debug */,
				3FAC12952B5F571B00626565 /* Release */,
			);
			defaultConfigurationIsVisible = 0;
			defaultConfigurationName = Release;
		};
		3FAC12962B5F571B00626565 /* Build configuration list for PBXNativeTarget "MyFirstApp" */ = {
			isa = XCConfigurationList;
			buildConfigurations = (
				3FAC12972B5F571B00626565 /* Debug */,
				3FAC12982B5F571B00626565 /* Release */,
			);
			defaultConfigurationIsVisible = 0;
			defaultConfigurationName = Release;
		};
/* End XCConfigurationList section */
	};
	rootObject = 3FAC12872B5F571B00626565 /* Project object */;
}
